// !$*UTF8*$!
{
	archiveVersion = 1;
	classes = {
	};
	objectVersion = 55;
	objects = {

/* Begin PBXBuildFile section */
		4F1B4C142D54854E0067388F /* GTVideoViewController.m in Sources */ = {isa = PBXBuildFile; fileRef = 4F1B4C132D54854E0067388F /* GTVideoViewController.m */; };
		4F1B4C172D54ADEA0067388F /* GTRecommendViewController.m in Sources */ = {isa = PBXBuildFile; fileRef = 4F1B4C162D54ADEA0067388F /* GTRecommendViewController.m */; };
		4F1B4C1A2D54C92F0067388F /* GTNormalTableViewCell.m in Sources */ = {isa = PBXBuildFile; fileRef = 4F1B4C192D54C92F0067388F /* GTNormalTableViewCell.m */; };
		4F1B4C1D2D55D9540067388F /* GTDetailViewController.m in Sources */ = {isa = PBXBuildFile; fileRef = 4F1B4C1C2D55D9540067388F /* GTDetailViewController.m */; };
		4F1B4C262D56033E0067388F /* GTDeleteCellView.m in Sources */ = {isa = PBXBuildFile; fileRef = 4F1B4C252D56033E0067388F /* GTDeleteCellView.m */; };
		4F74CC7A2D57044D00C63695 /* GTListLoader.m in Sources */ = {isa = PBXBuildFile; fileRef = 4F74CC792D57044D00C63695 /* GTListLoader.m */; };
		4F74CC812D59976400C63695 /* GTListItem.m in Sources */ = {isa = PBXBuildFile; fileRef = 4F74CC802D59976400C63695 /* GTListItem.m */; };
		4F74CC852D5B1E2D00C63695 /* GTVideoCoverView.m in Sources */ = {isa = PBXBuildFile; fileRef = 4F74CC842D5B1E2D00C63695 /* GTVideoCoverView.m */; };
		4F74CC882D5B51FD00C63695 /* GTVideoPlayer.m in Sources */ = {isa = PBXBuildFile; fileRef = 4F74CC872D5B51FD00C63695 /* GTVideoPlayer.m */; };
		4F74CC8B2D5C366E00C63695 /* GTVideoToolbar.m in Sources */ = {isa = PBXBuildFile; fileRef = 4F74CC8A2D5C366E00C63695 /* GTVideoToolbar.m */; };
		4F74CC8D2D5C40E300C63695 /* icon.bundle in Resources */ = {isa = PBXBuildFile; fileRef = 4F74CC8C2D5C40E300C63695 /* icon.bundle */; };
		4F74CC902D5C510E00C63695 /* GTScreen.m in Sources */ = {isa = PBXBuildFile; fileRef = 4F74CC8F2D5C510E00C63695 /* GTScreen.m */; };
		4F74CC982D5DA08C00C63695 /* GTSplashView.m in Sources */ = {isa = PBXBuildFile; fileRef = 4F74CC972D5DA08C00C63695 /* GTSplashView.m */; };
		4F74CCC02D5DDA7700C63695 /* GTMediator.m in Sources */ = {isa = PBXBuildFile; fileRef = 4F74CCBF2D5DDA7700C63695 /* GTMediator.m */; };
		4F74CCDE2D5DFD9900C63695 /* libGTStaic.a in Frameworks */ = {isa = PBXBuildFile; fileRef = 4F74CCDC2D5DFD9900C63695 /* libGTStaic.a */; };
		4F74CD092D5E221400C63695 /* GTFramework.framework in Frameworks */ = {isa = PBXBuildFile; fileRef = 4F74CD072D5E210E00C63695 /* GTFramework.framework */; };
		4F74CD0A2D5E221400C63695 /* GTFramework.framework in Embed Frameworks */ = {isa = PBXBuildFile; fileRef = 4F74CD072D5E210E00C63695 /* GTFramework.framework */; settings = {ATTRIBUTES = (CodeSignOnCopy, RemoveHeadersOnCopy, ); }; };
		4F74CD0E2D5F498600C63695 /* GTLocation.m in Sources */ = {isa = PBXBuildFile; fileRef = 4F74CD0D2D5F498600C63695 /* GTLocation.m */; };
		4F74CD112D62E01700C63695 /* GTNotification.m in Sources */ = {isa = PBXBuildFile; fileRef = 4F74CD102D62E01700C63695 /* GTNotification.m */; };
		4F74CD142D631C1000C63695 /* ICONBLACK.png in Resources */ = {isa = PBXBuildFile; fileRef = 4F74CD132D631C1000C63695 /* ICONBLACK.png */; };
		4F74CD172D63320200C63695 /* GTSearchBar.m in Sources */ = {isa = PBXBuildFile; fileRef = 4F74CD162D63320200C63695 /* GTSearchBar.m */; };
		4F74CD1A2D633CE900C63695 /* GTCommentManager.m in Sources */ = {isa = PBXBuildFile; fileRef = 4F74CD192D633CE900C63695 /* GTCommentManager.m */; };
		4FB496332923C3E200F97211 /* AppDelegate.m in Sources */ = {isa = PBXBuildFile; fileRef = 4FB496322923C3E200F97211 /* AppDelegate.m */; };
		4FB496362923C3E200F97211 /* SceneDelegate.m in Sources */ = {isa = PBXBuildFile; fileRef = 4FB496352923C3E200F97211 /* SceneDelegate.m */; };
		4FB496392923C3E200F97211 /* GTNewsViewController.m in Sources */ = {isa = PBXBuildFile; fileRef = 4FB496382923C3E200F97211 /* GTNewsViewController.m */; };
		4FB4963C2923C3E200F97211 /* Main.storyboard in Resources */ = {isa = PBXBuildFile; fileRef = 4FB4963A2923C3E200F97211 /* Main.storyboard */; };
		4FB4963E2923C3E300F97211 /* Assets.xcassets in Resources */ = {isa = PBXBuildFile; fileRef = 4FB4963D2923C3E300F97211 /* Assets.xcassets */; };
		4FB496412923C3E300F97211 /* LaunchScreen.storyboard in Resources */ = {isa = PBXBuildFile; fileRef = 4FB4963F2923C3E300F97211 /* LaunchScreen.storyboard */; };
		4FB496442923C3E300F97211 /* main.m in Sources */ = {isa = PBXBuildFile; fileRef = 4FB496432923C3E300F97211 /* main.m */; };
/* End PBXBuildFile section */

/* Begin PBXCopyFilesBuildPhase section */
		4F74CD0B2D5E221400C63695 /* Embed Frameworks */ = {
			isa = PBXCopyFilesBuildPhase;
			buildActionMask = 2147483647;
			dstPath = "";
			dstSubfolderSpec = 10;
			files = (
				4F74CD0A2D5E221400C63695 /* GTFramework.framework in Embed Frameworks */,
			);
			name = "Embed Frameworks";
			runOnlyForDeploymentPostprocessing = 0;
		};
/* End PBXCopyFilesBuildPhase section */

/* Begin PBXFileReference section */
		4638670C63B3DBF187040C00 /* Pods-SampleApp.debug.xcconfig */ = {isa = PBXFileReference; includeInIndex = 1; lastKnownFileType = text.xcconfig; name = "Pods-SampleApp.debug.xcconfig"; path = "Target Support Files/Pods-SampleApp/Pods-SampleApp.debug.xcconfig"; sourceTree = "<group>"; };
		4F1B4C122D54854E0067388F /* GTVideoViewController.h */ = {isa = PBXFileReference; lastKnownFileType = sourcecode.c.h; path = GTVideoViewController.h; sourceTree = "<group>"; };
		4F1B4C132D54854E0067388F /* GTVideoViewController.m */ = {isa = PBXFileReference; lastKnownFileType = sourcecode.c.objc; path = GTVideoViewController.m; sourceTree = "<group>"; };
		4F1B4C152D54ADEA0067388F /* GTRecommendViewController.h */ = {isa = PBXFileReference; lastKnownFileType = sourcecode.c.h; path = GTRecommendViewController.h; sourceTree = "<group>"; };
		4F1B4C162D54ADEA0067388F /* GTRecommendViewController.m */ = {isa = PBXFileReference; lastKnownFileType = sourcecode.c.objc; path = GTRecommendViewController.m; sourceTree = "<group>"; };
		4F1B4C182D54C92F0067388F /* GTNormalTableViewCell.h */ = {isa = PBXFileReference; lastKnownFileType = sourcecode.c.h; path = GTNormalTableViewCell.h; sourceTree = "<group>"; };
		4F1B4C192D54C92F0067388F /* GTNormalTableViewCell.m */ = {isa = PBXFileReference; lastKnownFileType = sourcecode.c.objc; path = GTNormalTableViewCell.m; sourceTree = "<group>"; };
		4F1B4C1B2D55D9540067388F /* GTDetailViewController.h */ = {isa = PBXFileReference; lastKnownFileType = sourcecode.c.h; path = GTDetailViewController.h; sourceTree = "<group>"; };
		4F1B4C1C2D55D9540067388F /* GTDetailViewController.m */ = {isa = PBXFileReference; lastKnownFileType = sourcecode.c.objc; path = GTDetailViewController.m; sourceTree = "<group>"; };
		4F1B4C242D56033E0067388F /* GTDeleteCellView.h */ = {isa = PBXFileReference; lastKnownFileType = sourcecode.c.h; path = GTDeleteCellView.h; sourceTree = "<group>"; };
		4F1B4C252D56033E0067388F /* GTDeleteCellView.m */ = {isa = PBXFileReference; lastKnownFileType = sourcecode.c.objc; path = GTDeleteCellView.m; sourceTree = "<group>"; };
		4F74CC782D57044D00C63695 /* GTListLoader.h */ = {isa = PBXFileReference; lastKnownFileType = sourcecode.c.h; path = GTListLoader.h; sourceTree = "<group>"; };
		4F74CC792D57044D00C63695 /* GTListLoader.m */ = {isa = PBXFileReference; lastKnownFileType = sourcecode.c.objc; path = GTListLoader.m; sourceTree = "<group>"; };
		4F74CC7F2D59976400C63695 /* GTListItem.h */ = {isa = PBXFileReference; lastKnownFileType = sourcecode.c.h; path = GTListItem.h; sourceTree = "<group>"; };
		4F74CC802D59976400C63695 /* GTListItem.m */ = {isa = PBXFileReference; lastKnownFileType = sourcecode.c.objc; path = GTListItem.m; sourceTree = "<group>"; };
		4F74CC832D5B1E2D00C63695 /* GTVideoCoverView.h */ = {isa = PBXFileReference; lastKnownFileType = sourcecode.c.h; path = GTVideoCoverView.h; sourceTree = "<group>"; };
		4F74CC842D5B1E2D00C63695 /* GTVideoCoverView.m */ = {isa = PBXFileReference; lastKnownFileType = sourcecode.c.objc; path = GTVideoCoverView.m; sourceTree = "<group>"; };
		4F74CC862D5B51FD00C63695 /* GTVideoPlayer.h */ = {isa = PBXFileReference; lastKnownFileType = sourcecode.c.h; path = GTVideoPlayer.h; sourceTree = "<group>"; };
		4F74CC872D5B51FD00C63695 /* GTVideoPlayer.m */ = {isa = PBXFileReference; lastKnownFileType = sourcecode.c.objc; path = GTVideoPlayer.m; sourceTree = "<group>"; };
		4F74CC892D5C366E00C63695 /* GTVideoToolbar.h */ = {isa = PBXFileReference; lastKnownFileType = sourcecode.c.h; path = GTVideoToolbar.h; sourceTree = "<group>"; };
		4F74CC8A2D5C366E00C63695 /* GTVideoToolbar.m */ = {isa = PBXFileReference; lastKnownFileType = sourcecode.c.objc; path = GTVideoToolbar.m; sourceTree = "<group>"; };
		4F74CC8C2D5C40E300C63695 /* icon.bundle */ = {isa = PBXFileReference; lastKnownFileType = "wrapper.plug-in"; name = icon.bundle; path = "../../../../Downloads/geektime-ios-course-master/project/SampleApp/icon.bundle"; sourceTree = "<group>"; };
		4F74CC8E2D5C510E00C63695 /* GTScreen.h */ = {isa = PBXFileReference; lastKnownFileType = sourcecode.c.h; path = GTScreen.h; sourceTree = "<group>"; };
		4F74CC8F2D5C510E00C63695 /* GTScreen.m */ = {isa = PBXFileReference; lastKnownFileType = sourcecode.c.objc; path = GTScreen.m; sourceTree = "<group>"; };
		4F74CC962D5DA08C00C63695 /* GTSplashView.h */ = {isa = PBXFileReference; lastKnownFileType = sourcecode.c.h; path = GTSplashView.h; sourceTree = "<group>"; };
		4F74CC972D5DA08C00C63695 /* GTSplashView.m */ = {isa = PBXFileReference; lastKnownFileType = sourcecode.c.objc; path = GTSplashView.m; sourceTree = "<group>"; };
		4F74CCBE2D5DDA7700C63695 /* GTMediator.h */ = {isa = PBXFileReference; lastKnownFileType = sourcecode.c.h; path = GTMediator.h; sourceTree = "<group>"; };
		4F74CCBF2D5DDA7700C63695 /* GTMediator.m */ = {isa = PBXFileReference; lastKnownFileType = sourcecode.c.objc; path = GTMediator.m; sourceTree = "<group>"; };
		4F74CCDB2D5DFD9900C63695 /* GTStaic.h */ = {isa = PBXFileReference; fileEncoding = 4; lastKnownFileType = sourcecode.c.h; path = GTStaic.h; sourceTree = "<group>"; };
		4F74CCDC2D5DFD9900C63695 /* libGTStaic.a */ = {isa = PBXFileReference; lastKnownFileType = archive.ar; path = libGTStaic.a; sourceTree = "<group>"; };
		4F74CCDD2D5DFD9900C63695 /* GTStiticTest.h */ = {isa = PBXFileReference; fileEncoding = 4; lastKnownFileType = sourcecode.c.h; path = GTStiticTest.h; sourceTree = "<group>"; };
		4F74CD072D5E210E00C63695 /* GTFramework.framework */ = {isa = PBXFileReference; lastKnownFileType = wrapper.framework; path = GTFramework.framework; sourceTree = "<group>"; };
		4F74CD0C2D5F498600C63695 /* GTLocation.h */ = {isa = PBXFileReference; lastKnownFileType = sourcecode.c.h; path = GTLocation.h; sourceTree = "<group>"; };
		4F74CD0D2D5F498600C63695 /* GTLocation.m */ = {isa = PBXFileReference; lastKnownFileType = sourcecode.c.objc; path = GTLocation.m; sourceTree = "<group>"; };
		4F74CD0F2D62E01700C63695 /* GTNotification.h */ = {isa = PBXFileReference; lastKnownFileType = sourcecode.c.h; path = GTNotification.h; sourceTree = "<group>"; };
		4F74CD102D62E01700C63695 /* GTNotification.m */ = {isa = PBXFileReference; lastKnownFileType = sourcecode.c.objc; path = GTNotification.m; sourceTree = "<group>"; };
		4F74CD132D631C1000C63695 /* ICONBLACK.png */ = {isa = PBXFileReference; lastKnownFileType = image.png; name = ICONBLACK.png; path = "../../../../../../Downloads/geektime-ios-course-master/project/SampleApp/AlternateIcons/ICONBLACK.png"; sourceTree = "<group>"; };
		4F74CD152D63320200C63695 /* GTSearchBar.h */ = {isa = PBXFileReference; lastKnownFileType = sourcecode.c.h; path = GTSearchBar.h; sourceTree = "<group>"; };
		4F74CD162D63320200C63695 /* GTSearchBar.m */ = {isa = PBXFileReference; lastKnownFileType = sourcecode.c.objc; path = GTSearchBar.m; sourceTree = "<group>"; };
		4F74CD182D633CE900C63695 /* GTCommentManager.h */ = {isa = PBXFileReference; lastKnownFileType = sourcecode.c.h; path = GTCommentManager.h; sourceTree = "<group>"; };
		4F74CD192D633CE900C63695 /* GTCommentManager.m */ = {isa = PBXFileReference; lastKnownFileType = sourcecode.c.objc; path = GTCommentManager.m; sourceTree = "<group>"; };
		4FB4962E2923C3E200F97211 /* SampleApp.app */ = {isa = PBXFileReference; explicitFileType = wrapper.application; includeInIndex = 0; path = SampleApp.app; sourceTree = BUILT_PRODUCTS_DIR; };
		4FB496312923C3E200F97211 /* AppDelegate.h */ = {isa = PBXFileReference; lastKnownFileType = sourcecode.c.h; path = AppDelegate.h; sourceTree = "<group>"; };
		4FB496322923C3E200F97211 /* AppDelegate.m */ = {isa = PBXFileReference; lastKnownFileType = sourcecode.c.objc; path = AppDelegate.m; sourceTree = "<group>"; };
		4FB496342923C3E200F97211 /* SceneDelegate.h */ = {isa = PBXFileReference; lastKnownFileType = sourcecode.c.h; path = SceneDelegate.h; sourceTree = "<group>"; };
		4FB496352923C3E200F97211 /* SceneDelegate.m */ = {isa = PBXFileReference; lastKnownFileType = sourcecode.c.objc; path = SceneDelegate.m; sourceTree = "<group>"; };
		4FB496372923C3E200F97211 /* GTNewsViewController.h */ = {isa = PBXFileReference; lastKnownFileType = sourcecode.c.h; path = GTNewsViewController.h; sourceTree = "<group>"; };
		4FB496382923C3E200F97211 /* GTNewsViewController.m */ = {isa = PBXFileReference; lastKnownFileType = sourcecode.c.objc; path = GTNewsViewController.m; sourceTree = "<group>"; };
		4FB4963B2923C3E200F97211 /* Base */ = {isa = PBXFileReference; lastKnownFileType = file.storyboard; name = Base; path = Base.lproj/Main.storyboard; sourceTree = "<group>"; };
		4FB4963D2923C3E300F97211 /* Assets.xcassets */ = {isa = PBXFileReference; lastKnownFileType = folder.assetcatalog; path = Assets.xcassets; sourceTree = "<group>"; };
		4FB496402923C3E300F97211 /* Base */ = {isa = PBXFileReference; lastKnownFileType = file.storyboard; name = Base; path = Base.lproj/LaunchScreen.storyboard; sourceTree = "<group>"; };
		4FB496422923C3E300F97211 /* Info.plist */ = {isa = PBXFileReference; lastKnownFileType = text.plist.xml; path = Info.plist; sourceTree = "<group>"; };
		4FB496432923C3E300F97211 /* main.m */ = {isa = PBXFileReference; lastKnownFileType = sourcecode.c.objc; path = main.m; sourceTree = "<group>"; };
		94D1D2DB068B1A773CE4C2A4 /* Pods-SampleApp.release.xcconfig */ = {isa = PBXFileReference; includeInIndex = 1; lastKnownFileType = text.xcconfig; name = "Pods-SampleApp.release.xcconfig"; path = "Target Support Files/Pods-SampleApp/Pods-SampleApp.release.xcconfig"; sourceTree = "<group>"; };
/* End PBXFileReference section */

/* Begin PBXFrameworksBuildPhase section */
		4FB4962B2923C3E200F97211 /* Frameworks */ = {
			isa = PBXFrameworksBuildPhase;
			buildActionMask = 2147483647;
			files = (
				4F74CD092D5E221400C63695 /* GTFramework.framework in Frameworks */,
				4F74CCDE2D5DFD9900C63695 /* libGTStaic.a in Frameworks */,
			);
			runOnlyForDeploymentPostprocessing = 0;
		};
/* End PBXFrameworksBuildPhase section */

/* Begin PBXGroup section */
		4F1B4C272D56F4D80067388F /* NewsController */ = {
			isa = PBXGroup;
			children = (
				4F74CC7E2D5996DD00C63695 /* Controller */,
				4F74CC7D2D5996B400C63695 /* View */,
				4F74CC7C2D59968600C63695 /* Model */,
				4F1B4C282D56F5700067388F /* detail */,
			);
			path = NewsController;
			sourceTree = "<group>";
		};
		4F1B4C282D56F5700067388F /* detail */ = {
			isa = PBXGroup;
			children = (
				4F1B4C1B2D55D9540067388F /* GTDetailViewController.h */,
				4F1B4C1C2D55D9540067388F /* GTDetailViewController.m */,
			);
			path = detail;
			sourceTree = "<group>";
		};
		4F74CC7C2D59968600C63695 /* Model */ = {
			isa = PBXGroup;
			children = (
				4F74CC782D57044D00C63695 /* GTListLoader.h */,
				4F74CC792D57044D00C63695 /* GTListLoader.m */,
				4F74CC7F2D59976400C63695 /* GTListItem.h */,
				4F74CC802D59976400C63695 /* GTListItem.m */,
			);
			path = Model;
			sourceTree = "<group>";
		};
		4F74CC7D2D5996B400C63695 /* View */ = {
			isa = PBXGroup;
			children = (
				4F1B4C182D54C92F0067388F /* GTNormalTableViewCell.h */,
				4F1B4C192D54C92F0067388F /* GTNormalTableViewCell.m */,
				4F1B4C242D56033E0067388F /* GTDeleteCellView.h */,
				4F1B4C252D56033E0067388F /* GTDeleteCellView.m */,
				4F74CD152D63320200C63695 /* GTSearchBar.h */,
				4F74CD162D63320200C63695 /* GTSearchBar.m */,
				4F74CD182D633CE900C63695 /* GTCommentManager.h */,
				4F74CD192D633CE900C63695 /* GTCommentManager.m */,
			);
			path = View;
			sourceTree = "<group>";
		};
		4F74CC7E2D5996DD00C63695 /* Controller */ = {
			isa = PBXGroup;
			children = (
				4FB496372923C3E200F97211 /* GTNewsViewController.h */,
				4FB496382923C3E200F97211 /* GTNewsViewController.m */,
			);
			path = Controller;
			sourceTree = "<group>";
		};
		4F74CC822D5B1CCB00C63695 /* VideoController */ = {
			isa = PBXGroup;
			children = (
				4F1B4C122D54854E0067388F /* GTVideoViewController.h */,
				4F1B4C132D54854E0067388F /* GTVideoViewController.m */,
				4F74CC832D5B1E2D00C63695 /* GTVideoCoverView.h */,
				4F74CC842D5B1E2D00C63695 /* GTVideoCoverView.m */,
				4F74CC862D5B51FD00C63695 /* GTVideoPlayer.h */,
				4F74CC872D5B51FD00C63695 /* GTVideoPlayer.m */,
				4F74CC892D5C366E00C63695 /* GTVideoToolbar.h */,
				4F74CC8A2D5C366E00C63695 /* GTVideoToolbar.m */,
			);
			path = VideoController;
			sourceTree = "<group>";
		};
		4F74CCDA2D5DFB4E00C63695 /* GTFramework */ = {
			isa = PBXGroup;
			children = (
				4F74CD072D5E210E00C63695 /* GTFramework.framework */,
				4F74CCDB2D5DFD9900C63695 /* GTStaic.h */,
				4F74CCDD2D5DFD9900C63695 /* GTStiticTest.h */,
				4F74CCDC2D5DFD9900C63695 /* libGTStaic.a */,
			);
			path = GTFramework;
			sourceTree = "<group>";
		};
		4F74CD122D631BD500C63695 /* AlternateIcons */ = {
			isa = PBXGroup;
			children = (
				4F74CD132D631C1000C63695 /* ICONBLACK.png */,
			);
			path = AlternateIcons;
			sourceTree = "<group>";
		};
		4FB496252923C3E200F97211 = {
			isa = PBXGroup;
			children = (
				4F74CC8C2D5C40E300C63695 /* icon.bundle */,
				4FB496302923C3E200F97211 /* SampleApp */,
				4FB4962F2923C3E200F97211 /* Products */,
				CE030F73CF2BEB4937DDCDD8 /* Pods */,
			);
			sourceTree = "<group>";
		};
		4FB4962F2923C3E200F97211 /* Products */ = {
			isa = PBXGroup;
			children = (
				4FB4962E2923C3E200F97211 /* SampleApp.app */,
			);
			name = Products;
			sourceTree = "<group>";
		};
		4FB496302923C3E200F97211 /* SampleApp */ = {
			isa = PBXGroup;
			children = (
				4F74CD122D631BD500C63695 /* AlternateIcons */,
				4F74CCDA2D5DFB4E00C63695 /* GTFramework */,
				4F74CC822D5B1CCB00C63695 /* VideoController */,
				4F1B4C272D56F4D80067388F /* NewsController */,
				4FB496312923C3E200F97211 /* AppDelegate.h */,
				4FB496322923C3E200F97211 /* AppDelegate.m */,
				4FB496342923C3E200F97211 /* SceneDelegate.h */,
				4FB496352923C3E200F97211 /* SceneDelegate.m */,
				4FB4963A2923C3E200F97211 /* Main.storyboard */,
				4FB4963D2923C3E300F97211 /* Assets.xcassets */,
				4FB4963F2923C3E300F97211 /* LaunchScreen.storyboard */,
				4FB496422923C3E300F97211 /* Info.plist */,
				4FB496432923C3E300F97211 /* main.m */,
				4F1B4C152D54ADEA0067388F /* GTRecommendViewController.h */,
				4F1B4C162D54ADEA0067388F /* GTRecommendViewController.m */,
				4F74CC8E2D5C510E00C63695 /* GTScreen.h */,
				4F74CC8F2D5C510E00C63695 /* GTScreen.m */,
				4F74CC962D5DA08C00C63695 /* GTSplashView.h */,
				4F74CC972D5DA08C00C63695 /* GTSplashView.m */,
				4F74CCBE2D5DDA7700C63695 /* GTMediator.h */,
				4F74CCBF2D5DDA7700C63695 /* GTMediator.m */,
				4F74CD0C2D5F498600C63695 /* GTLocation.h */,
				4F74CD0D2D5F498600C63695 /* GTLocation.m */,
				4F74CD0F2D62E01700C63695 /* GTNotification.h */,
				4F74CD102D62E01700C63695 /* GTNotification.m */,
			);
			path = SampleApp;
			sourceTree = "<group>";
		};
		CE030F73CF2BEB4937DDCDD8 /* Pods */ = {
			isa = PBXGroup;
			children = (
				4638670C63B3DBF187040C00 /* Pods-SampleApp.debug.xcconfig */,
				94D1D2DB068B1A773CE4C2A4 /* Pods-SampleApp.release.xcconfig */,
			);
			path = Pods;
			sourceTree = "<group>";
		};
/* End PBXGroup section */

/* Begin PBXNativeTarget section */
		4FB4962D2923C3E200F97211 /* SampleApp */ = {
			isa = PBXNativeTarget;
			buildConfigurationList = 4FB496472923C3E300F97211 /* Build configuration list for PBXNativeTarget "SampleApp" */;
			buildPhases = (
				1C892B7FA3532ADDCC166056 /* [CP] Check Pods Manifest.lock */,
				4FB4962A2923C3E200F97211 /* Sources */,
				4FB4962B2923C3E200F97211 /* Frameworks */,
				4FB4962C2923C3E200F97211 /* Resources */,
				8107DB378D1050A92CEA2AD0 /* [CP] Copy Pods Resources */,
				4F74CD0B2D5E221400C63695 /* Embed Frameworks */,
			);
			buildRules = (
			);
			dependencies = (
			);
			name = SampleApp;
			productName = SampleApp;
			productReference = 4FB4962E2923C3E200F97211 /* SampleApp.app */;
			productType = "com.apple.product-type.application";
		};
/* End PBXNativeTarget section */

/* Begin PBXProject section */
		4FB496262923C3E200F97211 /* Project object */ = {
			isa = PBXProject;
			attributes = {
				BuildIndependentTargetsInParallel = 1;
				LastUpgradeCheck = 1320;
				TargetAttributes = {
					4FB4962D2923C3E200F97211 = {
						CreatedOnToolsVersion = 13.2.1;
					};
				};
			};
			buildConfigurationList = 4FB496292923C3E200F97211 /* Build configuration list for PBXProject "SampleApp" */;
			compatibilityVersion = "Xcode 13.0";
			developmentRegion = en;
			hasScannedForEncodings = 0;
			knownRegions = (
				en,
				Base,
			);
			mainGroup = 4FB496252923C3E200F97211;
			productRefGroup = 4FB4962F2923C3E200F97211 /* Products */;
			projectDirPath = "";
			projectRoot = "";
			targets = (
				4FB4962D2923C3E200F97211 /* SampleApp */,
			);
		};
/* End PBXProject section */

/* Begin PBXResourcesBuildPhase section */
		4FB4962C2923C3E200F97211 /* Resources */ = {
			isa = PBXResourcesBuildPhase;
			buildActionMask = 2147483647;
			files = (
				4F74CD142D631C1000C63695 /* ICONBLACK.png in Resources */,
				4F74CC8D2D5C40E300C63695 /* icon.bundle in Resources */,
				4FB496412923C3E300F97211 /* LaunchScreen.storyboard in Resources */,
				4FB4963E2923C3E300F97211 /* Assets.xcassets in Resources */,
				4FB4963C2923C3E200F97211 /* Main.storyboard in Resources */,
			);
			runOnlyForDeploymentPostprocessing = 0;
		};
/* End PBXResourcesBuildPhase section */

/* Begin PBXShellScriptBuildPhase section */
		1C892B7FA3532ADDCC166056 /* [CP] Check Pods Manifest.lock */ = {
			isa = PBXShellScriptBuildPhase;
			buildActionMask = 2147483647;
			files = (
			);
			inputFileListPaths = (
			);
			inputPaths = (
				"${PODS_PODFILE_DIR_PATH}/Podfile.lock",
				"${PODS_ROOT}/Manifest.lock",
			);
			name = "[CP] Check Pods Manifest.lock";
			outputFileListPaths = (
			);
			outputPaths = (
				"$(DERIVED_FILE_DIR)/Pods-SampleApp-checkManifestLockResult.txt",
			);
			runOnlyForDeploymentPostprocessing = 0;
			shellPath = /bin/sh;
			shellScript = "diff \"${PODS_PODFILE_DIR_PATH}/Podfile.lock\" \"${PODS_ROOT}/Manifest.lock\" > /dev/null\nif [ $? != 0 ] ; then\n    # print error to STDERR\n    echo \"error: The sandbox is not in sync with the Podfile.lock. Run 'pod install' or update your CocoaPods installation.\" >&2\n    exit 1\nfi\n# This output is used by Xcode 'outputs' to avoid re-running this script phase.\necho \"SUCCESS\" > \"${SCRIPT_OUTPUT_FILE_0}\"\n";
			showEnvVarsInLog = 0;
		};
		8107DB378D1050A92CEA2AD0 /* [CP] Copy Pods Resources */ = {
			isa = PBXShellScriptBuildPhase;
			buildActionMask = 2147483647;
			files = (
			);
			inputFileListPaths = (
				"${PODS_ROOT}/Target Support Files/Pods-SampleApp/Pods-SampleApp-resources-${CONFIGURATION}-input-files.xcfilelist",
			);
			name = "[CP] Copy Pods Resources";
			outputFileListPaths = (
				"${PODS_ROOT}/Target Support Files/Pods-SampleApp/Pods-SampleApp-resources-${CONFIGURATION}-output-files.xcfilelist",
			);
			runOnlyForDeploymentPostprocessing = 0;
			shellPath = /bin/sh;
			shellScript = "\"${PODS_ROOT}/Target Support Files/Pods-SampleApp/Pods-SampleApp-resources.sh\"\n";
			showEnvVarsInLog = 0;
		};
/* End PBXShellScriptBuildPhase section */

/* Begin PBXSourcesBuildPhase section */
		4FB4962A2923C3E200F97211 /* Sources */ = {
			isa = PBXSourcesBuildPhase;
			buildActionMask = 2147483647;
			files = (
				4F74CC902D5C510E00C63695 /* GTScreen.m in Sources */,
				4F1B4C1D2D55D9540067388F /* GTDetailViewController.m in Sources */,
				4F74CC852D5B1E2D00C63695 /* GTVideoCoverView.m in Sources */,
				4F74CD0E2D5F498600C63695 /* GTLocation.m in Sources */,
				4F1B4C262D56033E0067388F /* GTDeleteCellView.m in Sources */,
				4F1B4C1A2D54C92F0067388F /* GTNormalTableViewCell.m in Sources */,
				4F74CD172D63320200C63695 /* GTSearchBar.m in Sources */,
				4FB496392923C3E200F97211 /* GTNewsViewController.m in Sources */,
				4F74CCC02D5DDA7700C63695 /* GTMediator.m in Sources */,
				4F1B4C142D54854E0067388F /* GTVideoViewController.m in Sources */,
				4F74CC8B2D5C366E00C63695 /* GTVideoToolbar.m in Sources */,
				4F74CC7A2D57044D00C63695 /* GTListLoader.m in Sources */,
				4F74CC812D59976400C63695 /* GTListItem.m in Sources */,
				4F74CC982D5DA08C00C63695 /* GTSplashView.m in Sources */,
				4F1B4C172D54ADEA0067388F /* GTRecommendViewController.m in Sources */,
				4F74CD112D62E01700C63695 /* GTNotification.m in Sources */,
				4FB496332923C3E200F97211 /* AppDelegate.m in Sources */,
				4FB496442923C3E300F97211 /* main.m in Sources */,
				4F74CD1A2D633CE900C63695 /* GTCommentManager.m in Sources */,
				4FB496362923C3E200F97211 /* SceneDelegate.m in Sources */,
				4F74CC882D5B51FD00C63695 /* GTVideoPlayer.m in Sources */,
			);
			runOnlyForDeploymentPostprocessing = 0;
		};
/* End PBXSourcesBuildPhase section */

/* Begin PBXVariantGroup section */
		4FB4963A2923C3E200F97211 /* Main.storyboard */ = {
			isa = PBXVariantGroup;
			children = (
				4FB4963B2923C3E200F97211 /* Base */,
			);
			name = Main.storyboard;
			sourceTree = "<group>";
		};
		4FB4963F2923C3E300F97211 /* LaunchScreen.storyboard */ = {
			isa = PBXVariantGroup;
			children = (
				4FB496402923C3E300F97211 /* Base */,
			);
			name = LaunchScreen.storyboard;
			sourceTree = "<group>";
		};
/* End PBXVariantGroup section */

/* Begin XCBuildConfiguration section */
		4FB496452923C3E300F97211 /* Debug */ = {
			isa = XCBuildConfiguration;
			buildSettings = {
				ALWAYS_SEARCH_USER_PATHS = NO;
				CLANG_ANALYZER_NONNULL = YES;
				CLANG_ANALYZER_NUMBER_OBJECT_CONVERSION = YES_AGGRESSIVE;
				CLANG_CXX_LANGUAGE_STANDARD = "gnu++17";
				CLANG_CXX_LIBRARY = "libc++";
				CLANG_ENABLE_MODULES = YES;
				CLANG_ENABLE_OBJC_ARC = YES;
				CLANG_ENABLE_OBJC_WEAK = YES;
				CLANG_WARN_BLOCK_CAPTURE_AUTORELEASING = YES;
				CLANG_WARN_BOOL_CONVERSION = YES;
				CLANG_WARN_COMMA = YES;
				CLANG_WARN_CONSTANT_CONVERSION = YES;
				CLANG_WARN_DEPRECATED_OBJC_IMPLEMENTATIONS = YES;
				CLANG_WARN_DIRECT_OBJC_ISA_USAGE = YES_ERROR;
				CLANG_WARN_DOCUMENTATION_COMMENTS = YES;
				CLANG_WARN_EMPTY_BODY = YES;
				CLANG_WARN_ENUM_CONVERSION = YES;
				CLANG_WARN_INFINITE_RECURSION = YES;
				CLANG_WARN_INT_CONVERSION = YES;
				CLANG_WARN_NON_LITERAL_NULL_CONVERSION = YES;
				CLANG_WARN_OBJC_IMPLICIT_RETAIN_SELF = YES;
				CLANG_WARN_OBJC_LITERAL_CONVERSION = YES;
				CLANG_WARN_OBJC_ROOT_CLASS = YES_ERROR;
				CLANG_WARN_QUOTED_INCLUDE_IN_FRAMEWORK_HEADER = YES;
				CLANG_WARN_RANGE_LOOP_ANALYSIS = YES;
				CLANG_WARN_STRICT_PROTOTYPES = YES;
				CLANG_WARN_SUSPICIOUS_MOVE = YES;
				CLANG_WARN_UNGUARDED_AVAILABILITY = YES_AGGRESSIVE;
				CLANG_WARN_UNREACHABLE_CODE = YES;
				CLANG_WARN__DUPLICATE_METHOD_MATCH = YES;
				COPY_PHASE_STRIP = NO;
				DEBUG_INFORMATION_FORMAT = dwarf;
				ENABLE_STRICT_OBJC_MSGSEND = YES;
				ENABLE_TESTABILITY = YES;
				GCC_C_LANGUAGE_STANDARD = gnu11;
				GCC_DYNAMIC_NO_PIC = NO;
				GCC_NO_COMMON_BLOCKS = YES;
				GCC_OPTIMIZATION_LEVEL = 0;
				GCC_PREPROCESSOR_DEFINITIONS = (
					"DEBUG=1",
					"$(inherited)",
				);
				GCC_WARN_64_TO_32_BIT_CONVERSION = YES;
				GCC_WARN_ABOUT_RETURN_TYPE = YES_ERROR;
				GCC_WARN_UNDECLARED_SELECTOR = YES;
				GCC_WARN_UNINITIALIZED_AUTOS = YES_AGGRESSIVE;
				GCC_WARN_UNUSED_FUNCTION = YES;
				GCC_WARN_UNUSED_VARIABLE = YES;
				IPHONEOS_DEPLOYMENT_TARGET = 15.2;
				MTL_ENABLE_DEBUG_INFO = INCLUDE_SOURCE;
				MTL_FAST_MATH = YES;
				ONLY_ACTIVE_ARCH = YES;
				SDKROOT = iphoneos;
			};
			name = Debug;
		};
		4FB496462923C3E300F97211 /* Release */ = {
			isa = XCBuildConfiguration;
			buildSettings = {
				ALWAYS_SEARCH_USER_PATHS = NO;
				CLANG_ANALYZER_NONNULL = YES;
				CLANG_ANALYZER_NUMBER_OBJECT_CONVERSION = YES_AGGRESSIVE;
				CLANG_CXX_LANGUAGE_STANDARD = "gnu++17";
				CLANG_CXX_LIBRARY = "libc++";
				CLANG_ENABLE_MODULES = YES;
				CLANG_ENABLE_OBJC_ARC = YES;
				CLANG_ENABLE_OBJC_WEAK = YES;
				CLANG_WARN_BLOCK_CAPTURE_AUTORELEASING = YES;
				CLANG_WARN_BOOL_CONVERSION = YES;
				CLANG_WARN_COMMA = YES;
				CLANG_WARN_CONSTANT_CONVERSION = YES;
				CLANG_WARN_DEPRECATED_OBJC_IMPLEMENTATIONS = YES;
				CLANG_WARN_DIRECT_OBJC_ISA_USAGE = YES_ERROR;
				CLANG_WARN_DOCUMENTATION_COMMENTS = YES;
				CLANG_WARN_EMPTY_BODY = YES;
				CLANG_WARN_ENUM_CONVERSION = YES;
				CLANG_WARN_INFINITE_RECURSION = YES;
				CLANG_WARN_INT_CONVERSION = YES;
				CLANG_WARN_NON_LITERAL_NULL_CONVERSION = YES;
				CLANG_WARN_OBJC_IMPLICIT_RETAIN_SELF = YES;
				CLANG_WARN_OBJC_LITERAL_CONVERSION = YES;
				CLANG_WARN_OBJC_ROOT_CLASS = YES_ERROR;
				CLANG_WARN_QUOTED_INCLUDE_IN_FRAMEWORK_HEADER = YES;
				CLANG_WARN_RANGE_LOOP_ANALYSIS = YES;
				CLANG_WARN_STRICT_PROTOTYPES = YES;
				CLANG_WARN_SUSPICIOUS_MOVE = YES;
				CLANG_WARN_UNGUARDED_AVAILABILITY = YES_AGGRESSIVE;
				CLANG_WARN_UNREACHABLE_CODE = YES;
				CLANG_WARN__DUPLICATE_METHOD_MATCH = YES;
				COPY_PHASE_STRIP = NO;
				DEBUG_INFORMATION_FORMAT = "dwarf-with-dsym";
				ENABLE_NS_ASSERTIONS = NO;
				ENABLE_STRICT_OBJC_MSGSEND = YES;
				GCC_C_LANGUAGE_STANDARD = gnu11;
				GCC_NO_COMMON_BLOCKS = YES;
				GCC_WARN_64_TO_32_BIT_CONVERSION = YES;
				GCC_WARN_ABOUT_RETURN_TYPE = YES_ERROR;
				GCC_WARN_UNDECLARED_SELECTOR = YES;
				GCC_WARN_UNINITIALIZED_AUTOS = YES_AGGRESSIVE;
				GCC_WARN_UNUSED_FUNCTION = YES;
				GCC_WARN_UNUSED_VARIABLE = YES;
				IPHONEOS_DEPLOYMENT_TARGET = 15.2;
				MTL_ENABLE_DEBUG_INFO = NO;
				MTL_FAST_MATH = YES;
				SDKROOT = iphoneos;
				VALIDATE_PRODUCT = YES;
			};
			name = Release;
		};
		4FB496482923C3E300F97211 /* Debug */ = {
			isa = XCBuildConfiguration;
			baseConfigurationReference = 4638670C63B3DBF187040C00 /* Pods-SampleApp.debug.xcconfig */;
			buildSettings = {
				ASSETCATALOG_COMPILER_APPICON_NAME = AppIcon;
				ASSETCATALOG_COMPILER_GLOBAL_ACCENT_COLOR_NAME = AccentColor;
				"CODE_SIGN_IDENTITY[sdk=iphoneos*]" = "iPhone Distribution";
				CODE_SIGN_STYLE = Manual;
				CURRENT_PROJECT_VERSION = 1;
				DEVELOPMENT_TEAM = "";
				"DEVELOPMENT_TEAM[sdk=iphoneos*]" = 72FPL8PXZQ;
				FRAMEWORK_SEARCH_PATHS = (
					"$(inherited)",
					"$(PROJECT_DIR)/SampleApp/GTFramework",
				);
				GENERATE_INFOPLIST_FILE = YES;
				INFOPLIST_FILE = SampleApp/Info.plist;
				INFOPLIST_KEY_UIApplicationSupportsIndirectInputEvents = YES;
				INFOPLIST_KEY_UILaunchStoryboardName = LaunchScreen;
				INFOPLIST_KEY_UIMainStoryboardFile = Main;
				INFOPLIST_KEY_UISupportedInterfaceOrientations_iPad = "UIInterfaceOrientationPortrait UIInterfaceOrientationPortraitUpsideDown UIInterfaceOrientationLandscapeLeft UIInterfaceOrientationLandscapeRight";
				INFOPLIST_KEY_UISupportedInterfaceOrientations_iPhone = "UIInterfaceOrientationPortrait UIInterfaceOrientationLandscapeLeft UIInterfaceOrientationLandscapeRight";
				LD_RUNPATH_SEARCH_PATHS = (
					"$(inherited)",
					"@executable_path/Frameworks",
				);
				LIBRARY_SEARCH_PATHS = (
					"$(inherited)",
					"$(PROJECT_DIR)/SampleApp/GTFramework",
				);
				MARKETING_VERSION = 1.0;
				PRODUCT_BUNDLE_IDENTIFIER = com.nimengwei.SampleApp;
				PRODUCT_NAME = "$(TARGET_NAME)";
				PROVISIONING_PROFILE_SPECIFIER = "";
				"PROVISIONING_PROFILE_SPECIFIER[sdk=iphoneos*]" = nmw.test;
				SWIFT_EMIT_LOC_STRINGS = YES;
				TARGETED_DEVICE_FAMILY = "1,2";
			};
			name = Debug;
		};
		4FB496492923C3E300F97211 /* Release */ = {
			isa = XCBuildConfiguration;
			baseConfigurationReference = 94D1D2DB068B1A773CE4C2A4 /* Pods-SampleApp.release.xcconfig */;
			buildSettings = {
				ASSETCATALOG_COMPILER_APPICON_NAME = AppIcon;
				ASSETCATALOG_COMPILER_GLOBAL_ACCENT_COLOR_NAME = AccentColor;
				"CODE_SIGN_IDENTITY[sdk=iphoneos*]" = "iPhone Distribution";
				CODE_SIGN_STYLE = Manual;
				CURRENT_PROJECT_VERSION = 1;
				DEVELOPMENT_TEAM = "";
				"DEVELOPMENT_TEAM[sdk=iphoneos*]" = 72FPL8PXZQ;
				FRAMEWORK_SEARCH_PATHS = (
					"$(inherited)",
					"$(PROJECT_DIR)/SampleApp/GTFramework",
				);
				GENERATE_INFOPLIST_FILE = YES;
				INFOPLIST_FILE = SampleApp/Info.plist;
				INFOPLIST_KEY_UIApplicationSupportsIndirectInputEvents = YES;
				INFOPLIST_KEY_UILaunchStoryboardName = LaunchScreen;
				INFOPLIST_KEY_UIMainStoryboardFile = Main;
				INFOPLIST_KEY_UISupportedInterfaceOrientations_iPad = "UIInterfaceOrientationPortrait UIInterfaceOrientationPortraitUpsideDown UIInterfaceOrientationLandscapeLeft UIInterfaceOrientationLandscapeRight";
				INFOPLIST_KEY_UISupportedInterfaceOrientations_iPhone = "UIInterfaceOrientationPortrait UIInterfaceOrientationLandscapeLeft UIInterfaceOrientationLandscapeRight";
				LD_RUNPATH_SEARCH_PATHS = (
					"$(inherited)",
					"@executable_path/Frameworks",
				);
				LIBRARY_SEARCH_PATHS = (
					"$(inherited)",
					"$(PROJECT_DIR)/SampleApp/GTFramework",
				);
				MARKETING_VERSION = 1.0;
				PRODUCT_BUNDLE_IDENTIFIER = com.nimengwei.SampleApp;
				PRODUCT_NAME = "$(TARGET_NAME)";
				PROVISIONING_PROFILE_SPECIFIER = "";
				"PROVISIONING_PROFILE_SPECIFIER[sdk=iphoneos*]" = nmw.test;
				SWIFT_EMIT_LOC_STRINGS = YES;
				TARGETED_DEVICE_FAMILY = "1,2";
			};
			name = Release;
		};
/* End XCBuildConfiguration section */

/* Begin XCConfigurationList section */
		4FB496292923C3E200F97211 /* Build configuration list for PBXProject "SampleApp" */ = {
			isa = XCConfigurationList;
			buildConfigurations = (
				4FB496452923C3E300F97211 /* Debug */,
				4FB496462923C3E300F97211 /* Release */,
			);
			defaultConfigurationIsVisible = 0;
			defaultConfigurationName = Release;
		};
		4FB496472923C3E300F97211 /* Build configuration list for PBXNativeTarget "SampleApp" */ = {
			isa = XCConfigurationList;
			buildConfigurations = (
				4FB496482923C3E300F97211 /* Debug */,
				4FB496492923C3E300F97211 /* Release */,
			);
			defaultConfigurationIsVisible = 0;
			defaultConfigurationName = Release;
		};
/* End XCConfigurationList section */
	};
	rootObject = 4FB496262923C3E200F97211 /* Project object */;
}
